
Microsoft Visual Studio Solution File, Format Version 12.00
# Visual Studio Version 17
VisualStudioVersion = 17.0.31903.59
MinimumVisualStudioVersion = 10.0.40219.1
Project("{FAE04EC0-301F-11D3-BF4B-00C04F79EFBC}") = "BudgetManagment.Domain", "src\BudgetManagment.Domain\BudgetManagment.Domain.csproj", "{FEE2DE46-DFAD-489A-AC22-864B21472164}"
EndProject
Project("{FAE04EC0-301F-11D3-BF4B-00C04F79EFBC}") = "BudgetManagment.DataAccess", "src\BudgetManagment.DataAccess\BudgetManagment.DataAccess.csproj", "{4DA6FF74-9215-4E67-9705-B4DE5C3AF1FC}"
EndProject
Project("{FAE04EC0-301F-11D3-BF4B-00C04F79EFBC}") = "BudgetManagment.Service", "src\BudgetManagment.Service\BudgetManagment.Service.csproj", "{DA1A0E4D-5C54-4F33-965D-FA72DA602A40}"
EndProject
Project("{FAE04EC0-301F-11D3-BF4B-00C04F79EFBC}") = "BudgetManagment.Api", "src\BudgetManagment.Api\BudgetManagment.Api.csproj", "{21652EAC-C67B-40DC-B78B-46718E733B69}"
EndProject
Global
	GlobalSection(SolutionConfigurationPlatforms) = preSolution
		Debug|Any CPU = Debug|Any CPU
		Release|Any CPU = Release|Any CPU
	EndGlobalSection
	GlobalSection(ProjectConfigurationPlatforms) = postSolution
		{FEE2DE46-DFAD-489A-AC22-864B21472164}.Debug|Any CPU.ActiveCfg = Debug|Any CPU
		{FEE2DE46-DFAD-489A-AC22-864B21472164}.Debug|Any CPU.Build.0 = Debug|Any CPU
		{FEE2DE46-DFAD-489A-AC22-864B21472164}.Release|Any CPU.ActiveCfg = Release|Any CPU
		{FEE2DE46-DFAD-489A-AC22-864B21472164}.Release|Any CPU.Build.0 = Release|Any CPU
		{4DA6FF74-9215-4E67-9705-B4DE5C3AF1FC}.Debug|Any CPU.ActiveCfg = Debug|Any CPU
		{4DA6FF74-9215-4E67-9705-B4DE5C3AF1FC}.Debug|Any CPU.Build.0 = Debug|Any CPU
		{4DA6FF74-9215-4E67-9705-B4DE5C3AF1FC}.Release|Any CPU.ActiveCfg = Release|Any CPU
		{4DA6FF74-9215-4E67-9705-B4DE5C3AF1FC}.Release|Any CPU.Build.0 = Release|Any CPU
		{DA1A0E4D-5C54-4F33-965D-FA72DA602A40}.Debug|Any CPU.ActiveCfg = Debug|Any CPU
		{DA1A0E4D-5C54-4F33-965D-FA72DA602A40}.Debug|Any CPU.Build.0 = Debug|Any CPU
		{DA1A0E4D-5C54-4F33-965D-FA72DA602A40}.Release|Any CPU.ActiveCfg = Release|Any CPU
		{DA1A0E4D-5C54-4F33-965D-FA72DA602A40}.Release|Any CPU.Build.0 = Release|Any CPU
		{21652EAC-C67B-40DC-B78B-46718E733B69}.Debug|Any CPU.ActiveCfg = Debug|Any CPU
		{21652EAC-C67B-40DC-B78B-46718E733B69}.Debug|Any CPU.Build.0 = Debug|Any CPU
		{21652EAC-C67B-40DC-B78B-46718E733B69}.Release|Any CPU.ActiveCfg = Release|Any CPU
		{21652EAC-C67B-40DC-B78B-46718E733B69}.Release|Any CPU.Build.0 = Release|Any CPU
	EndGlobalSection
	GlobalSection(SolutionProperties) = preSolution
		HideSolutionNode = FALSE
	EndGlobalSection
	GlobalSection(ExtensibilityGlobals) = postSolution
		SolutionGuid = {09D20EBB-963B-408C-BFF5-82FC8E630469}
	EndGlobalSection
EndGlobal
